# This file was autogenerated by Stack.
# You should not edit this file by hand.
# For more information, please see the documentation at:
#   https://docs.haskellstack.org/en/stable/lock_files

packages:
- completed:
    name: haxl
    version: 2.3.0.0
    git: https://github.com/facebook/Haxl.git
    pantry-tree:
      size: 4293
      sha256: 4822f0712f2c19e3de21d729f83fbab4038f170ecf89304bd59834646ae5e9cd
    commit: 419989455bd8dbfa3cdfd40a4bd8fc81c146514b
  original:
    git: https://github.com/facebook/Haxl.git
    commit: 419989455bd8dbfa3cdfd40a4bd8fc81c146514b
- completed:
    hackage: timestamp-0.2@sha256:103fe49ce206922d3b14d57d8aff25eaf03c70fef5fcdaeaeb8416aaee163e51,1598
    pantry-tree:
      size: 509
      sha256: 51dc0ab22269973eec829ae476fb3102cfe155ffde2fd1d039dedf65c7842031
  original:
    hackage: timestamp-0.2@sha256:103fe49ce206922d3b14d57d8aff25eaf03c70fef5fcdaeaeb8416aaee163e51,1598
- completed:
    hackage: QuickCheck-2.14.1@sha256:01e46d7b0a8d3148288ec977625f62d5516ebb5031a50c63f0453863301b4a79,7736
    pantry-tree:
      size: 2315
      sha256: 21961d0875fc156cdd97110a6fb277f37aa31faa3c7910895f84c82630e7ba46
  original:
    hackage: QuickCheck-2.14.1@sha256:01e46d7b0a8d3148288ec977625f62d5516ebb5031a50c63f0453863301b4a79,7736
- completed:
    hackage: call-stack-0.2.0@sha256:5ce796b78d5f964468ec6fe0717b4e7d0430817f37370c47b3e6b38e345b6643,1202
    pantry-tree:
      size: 500
      sha256: 30cc02f50a7f660db6b5c4218b4021cd78cae90b135d893d55f32a1c8b1e1c08
  original:
    hackage: call-stack-0.2.0@sha256:5ce796b78d5f964468ec6fe0717b4e7d0430817f37370c47b3e6b38e345b6643,1202
- completed:
    hackage: containers-0.5.11.0@sha256:28ad7337057442f75bc689315ab4ec7bdf5e6b2c39668f306672cecd82c02798,16685
    pantry-tree:
      size: 4849
      sha256: faa4e75922a28f7cfe9920c1d7ab3866b792cefcd29bf79f54cfe3b6b5f57cbf
  original:
    hackage: containers-0.5.11.0@sha256:28ad7337057442f75bc689315ab4ec7bdf5e6b2c39668f306672cecd82c02798,16685
- completed:
    hackage: data-dword-0.3.2@sha256:6b12e064533c8c1dc89b609cfef4ad4d27c654968774c88cf0fcd951abeae3ca,1593
    pantry-tree:
      size: 509
      sha256: 91489214959c8d23f840250a6fc9bf7cf5216696f356234fb9faf739d0819388
  original:
    hackage: data-dword-0.3.2@sha256:6b12e064533c8c1dc89b609cfef4ad4d27c654968774c88cf0fcd951abeae3ca,1593
- completed:
    hackage: io-streams-1.5.2.0@sha256:0021a619abdc3c135181ee51413d8a7403087d29345e8fe2486df4a2ad64fbcb,9555
    pantry-tree:
      size: 3465
      sha256: 22e5f333baa2087680d8752baa5fe4e81ebb0c568ed53b8766453c92fdffe32b
  original:
    hackage: io-streams-1.5.2.0@sha256:0021a619abdc3c135181ee51413d8a7403087d29345e8fe2486df4a2ad64fbcb,9555
- completed:
    hackage: network-3.1.2.0@sha256:3ace4c1cab0d8f7a0029188e0887a0526f0e148dccb4473eec65806c81df3a1d,4962
    pantry-tree:
      size: 3971
      sha256: fc7599404df3c29a28e73a298b6469b5be4511738cc4697f0372b2c755c7d89f
  original:
    hackage: network-3.1.2.0@sha256:3ace4c1cab0d8f7a0029188e0887a0526f0e148dccb4473eec65806c81df3a1d,4962
- completed:
    hackage: streaming-commons-0.2.2.1@sha256:28abce35b48dcfb871926dad4cb37bdf737372892b4e5222abc97ca31f2ac738,5159
    pantry-tree:
      size: 3325
      sha256: 2a79114539476ebd44d392a1f76174b32bc4d48a6f2bf5dcf7fa6b7494efdf4b
  original:
    hackage: streaming-commons-0.2.2.1@sha256:28abce35b48dcfb871926dad4cb37bdf737372892b4e5222abc97ca31f2ac738,5159
- completed:
    hackage: text-1.2.4.0@sha256:8c24450feb8e3bbb7ea3e17af24ef57e85db077c4bf53e5bcc345b283d1b1d5b,10081
    pantry-tree:
      size: 7457
      sha256: 3437b0a73ce2ae1a81aa8b3438d41a85981c00894cdbee0d6d6d6873046a5d5d
  original:
    hackage: text-1.2.4.0@sha256:8c24450feb8e3bbb7ea3e17af24ef57e85db077c4bf53e5bcc345b283d1b1d5b,10081
- completed:
    hackage: unordered-containers-0.2.13.0@sha256:6310c636f92ed4908fdd0de582b6be31c2851c7b5f2ec14e9f416eb94df7a078,4978
    pantry-tree:
      size: 1388
      sha256: 0cdd70d603c621e2b184ff7baa232af8a88a01745710b975b97df63e92c700dd
  original:
    hackage: unordered-containers-0.2.13.0@sha256:6310c636f92ed4908fdd0de582b6be31c2851c7b5f2ec14e9f416eb94df7a078,4978
- completed:
    hackage: vector-0.12.1.2@sha256:9291bc581f36e51d5bda9fce57cb980fbec3dd292996896f285fef39eb80a9a0,7364
    pantry-tree:
      size: 3784
      sha256: f79eefc8ba2b57ded2276f48046e64663d37b210b6047b6b6ecb30c9da196216
  original:
    hackage: vector-0.12.1.2@sha256:9291bc581f36e51d5bda9fce57cb980fbec3dd292996896f285fef39eb80a9a0,7364
- completed:
    hackage: binary-0.8.8.0@sha256:e9387a7ef2b34c6a23b09664c306e37cc01ae2cb4e4511a1c96ffb14008c24b0,6262
    pantry-tree:
      size: 1976
      sha256: 271cd1e75af293fc25a489d860f094dc635a4ed8b56aa5b343c58f4637736ca3
  original:
    hackage: binary-0.8.8.0@sha256:e9387a7ef2b34c6a23b09664c306e37cc01ae2cb4e4511a1c96ffb14008c24b0,6262
- completed:
    hackage: directory-1.3.6.1@sha256:3dc9c69c8e09ec95a7a45c6d06abe0f0d2f604439c37e5f88e5a6c335b088d71,2810
    pantry-tree:
      size: 3433
      sha256: 9247d0e7cfbf9946b922d23bd56a6b765cdb91f71d72f8ae6ed22c94dbd9f1db
  original:
    hackage: directory-1.3.6.1@sha256:3dc9c69c8e09ec95a7a45c6d06abe0f0d2f604439c37e5f88e5a6c335b088d71,2810
- completed:
    hackage: process-1.6.10.0@sha256:c0d2d8adaca7cea7ceaa60e67b61c775dc03727b83bdb1c97aa8cbeac9f5dd84,2469
    pantry-tree:
      size: 1211
      sha256: 6e90778b5105753d7de0f7a0c502dadf8f04825f17a36186aa801e56ef7ca206
  original:
    hackage: process-1.6.10.0@sha256:c0d2d8adaca7cea7ceaa60e67b61c775dc03727b83bdb1c97aa8cbeac9f5dd84,2469
- completed:
    hackage: random-1.2.0@sha256:4321209c8faedc034810ea8ed0dbc4a36f1a1df97b75af024219f2f533da57de,6094
    pantry-tree:
      size: 1259
      sha256: 29ff0a7ec5bf123e2c40f849b7af163950854a6c08c68b4a1b4364ce7a515af0
  original:
    hackage: random-1.2.0@sha256:4321209c8faedc034810ea8ed0dbc4a36f1a1df97b75af024219f2f533da57de,6094
- completed:
    hackage: splitmix-0.1.0.1@sha256:22f9662e7e8b173421872241edd39350078a9ed4bb9e9f503948c5b483c79276,5253
    pantry-tree:
      size: 1149
      sha256: b9a0c60e2d4786bbb276ce6606027a99615bf703fa3e0f01911e8c6a656c5161
  original:
    hackage: splitmix-0.1.0.1@sha256:22f9662e7e8b173421872241edd39350078a9ed4bb9e9f503948c5b483c79276,5253
- completed:
    hackage: unix-2.7.2.2@sha256:9e93f93cc5a065248120136e83a0a6d1ce93d6eb5ef2a2543f9593e93e164d24,3496
    pantry-tree:
      size: 3536
      sha256: 0b54bf49636d2a8c06e28315710e4437e001e05b4523d6e3cb083ba2426a38b2
  original:
    hackage: unix-2.7.2.2@sha256:9e93f93cc5a065248120136e83a0a6d1ce93d6eb5ef2a2543f9593e93e164d24,3496
- completed:
    hackage: aeson-1.4.7.1@sha256:6d8d2fd959b7122a1df9389cf4eca30420a053d67289f92cdc0dbc0dab3530ba,7098
    pantry-tree:
      size: 40133
      sha256: caa9306e519c601ab0170d113daa03c1163db53e5466be2968bbd61a771bebcb
  original:
    hackage: aeson-1.4.7.1@sha256:6d8d2fd959b7122a1df9389cf4eca30420a053d67289f92cdc0dbc0dab3530ba,7098
- completed:
    hackage: async-2.2.2@sha256:a178c166856da7ff22fe4500337b54812e94fd2059409452187d72e057ede9cd,2934
    pantry-tree:
      size: 501
      sha256: 647557f470dd934404806bcc7201ff9b2d440daaf11f570ac6a46d9b2ef42d98
  original:
    hackage: async-2.2.2@sha256:a178c166856da7ff22fe4500337b54812e94fd2059409452187d72e057ede9cd,2934
- completed:
    hackage: attoparsec-0.13.2.4@sha256:5941a05141a61239e8d6c4f2c9876bec3765d786766721b8474b8625febf914a,5796
    pantry-tree:
      size: 5231
      sha256: 623047a3f229b2cd082928f7d78c5cac15558504949e5999fad734eff820fa30
  original:
    hackage: attoparsec-0.13.2.4@sha256:5941a05141a61239e8d6c4f2c9876bec3765d786766721b8474b8625febf914a,5796
- completed:
    hackage: bytestring-builder-0.10.8.2.0@sha256:6b2b812cdac53f5a2c82376a416dde04adbb5ca3e1604c0d075368a0498f762b,3781
    pantry-tree:
      size: 1393
      sha256: cbfed55bf3b55fa213e9635423b69db89ff797e68b29bd8f9e62eef843c3524b
  original:
    hackage: bytestring-builder-0.10.8.2.0@sha256:6b2b812cdac53f5a2c82376a416dde04adbb5ca3e1604c0d075368a0498f762b,3781
- completed:
    hackage: bytestring-to-vector-0.3.0.1@sha256:fb902424b3fdcc31a4b37b9071a5fa224c07f044df8b411fa1a5c2373ff30d7f,1689
    pantry-tree:
      size: 445
      sha256: c43b610cdf84a7e7956a038496401274b8f25773847d463d83c65caba6add23e
  original:
    hackage: bytestring-to-vector-0.3.0.1@sha256:fb902424b3fdcc31a4b37b9071a5fa224c07f044df8b411fa1a5c2373ff30d7f,1689
- completed:
    hackage: data-bword-0.1.0.1@sha256:073434c1367f70934bd8e978ee47e026d4d9dd31511304cce2c95144f0180242,1197
    pantry-tree:
      size: 321
      sha256: 7309ae7f8b3e9f3b361b4f804758fb7d850000ce3d6e372d0c6683de7fea29a1
  original:
    hackage: data-bword-0.1.0.1@sha256:073434c1367f70934bd8e978ee47e026d4d9dd31511304cce2c95144f0180242,1197
- completed:
    hackage: data-default-class-0.1.2.0@sha256:63e62120b7efd733a5a17cf59ceb43268e9a929c748127172d7d42f4a336e327,542
    pantry-tree:
      size: 224
      sha256: 5017630b11698aefa65fc61cab84a257ce97833c968d425e1b2d53d6c3b5c096
  original:
    hackage: data-default-class-0.1.2.0@sha256:63e62120b7efd733a5a17cf59ceb43268e9a929c748127172d7d42f4a336e327,542
- completed:
    hackage: hashable-1.2.7.0@sha256:03b6836ca9cd3ad0e5a2f3cce989b001dd0e05f306a873db3196037adb30e0a4,5215
    pantry-tree:
      size: 1514
      sha256: 901c4f10bcf6bda842b849950a2767c918f4ed59fa8885f7c945dd6c7e763332
  original:
    hackage: hashable-1.2.7.0@sha256:03b6836ca9cd3ad0e5a2f3cce989b001dd0e05f306a873db3196037adb30e0a4,5215
- completed:
    hackage: hashmap-1.3.3@sha256:831096cd644d1b87f16c1933d19cdf938fe8f3911af7ed68b3e8c0bde4baeba4,2550
    pantry-tree:
      size: 419
      sha256: 82c97bb6ae7d0a2baa050aff9888160fdbe5e68cb25a3da583019f9012ef11aa
  original:
    hackage: hashmap-1.3.3@sha256:831096cd644d1b87f16c1933d19cdf938fe8f3911af7ed68b3e8c0bde4baeba4,2550
- completed:
    hackage: hashtables-1.2.4.1@sha256:09267f75fed6375617cfa049e28f8812b776e5c4ad811794efe150db314dcb4f,9821
    pantry-tree:
      size: 2894
      sha256: b4fa31474d98869318b9190684eec802b6a282588b2dddfaf7b0dcb87e652132
  original:
    hackage: hashtables-1.2.4.1@sha256:09267f75fed6375617cfa049e28f8812b776e5c4ad811794efe150db314dcb4f,9821
- completed:
    hackage: http-client-0.6.4.1@sha256:ea569e3ebc00e7bb68162fbdf85aa63e653b974eaff63df7b972e4296687e25c,5322
    pantry-tree:
      size: 2458
      sha256: 8e6ebf17ad06cca8bdab0c2ceda13ed41dea0d793f1930f90f0542f9c66afff1
  original:
    hackage: http-client-0.6.4.1@sha256:ea569e3ebc00e7bb68162fbdf85aa63e653b974eaff63df7b972e4296687e25c,5322
- completed:
    hackage: monad-loops-0.4.3@sha256:ada4f1295ece07f9a7398bc5b40c4532f95a733a8604d2a2f57f05f878766df2,1751
    pantry-tree:
      size: 243
      sha256: c8d919cbf7cda1c8551534cb17844c56cbfcbf1b18667b1a0700b97c87ff5059
  original:
    hackage: monad-loops-0.4.3@sha256:ada4f1295ece07f9a7398bc5b40c4532f95a733a8604d2a2f57f05f878766df2,1751
- completed:
    hackage: monad-parallel-0.7.2.3@sha256:9d5ff3e057603bf0b999ccbe46835a20403f6e86ecac5e4ea893b8b72e05486e,1155
    pantry-tree:
      size: 296
      sha256: cc1ef484a8cb9a7a40d743a6b0cea5053d7b6992d1cbc579576be85c4307ae13
  original:
    hackage: monad-parallel-0.7.2.3@sha256:9d5ff3e057603bf0b999ccbe46835a20403f6e86ecac5e4ea893b8b72e05486e,1155
- completed:
    hackage: network-ip-0.3.0.3@sha256:c4ad7c7e4c1bc10fb7ad117343e55496c69568986229be060e2eef8a65d6e9c7,1569
    pantry-tree:
      size: 322
      sha256: 809b4745fad63675ede5fa4278c63d9cb4161b801a20ba76d9a9e7ec88a5681a
  original:
    hackage: network-ip-0.3.0.3@sha256:c4ad7c7e4c1bc10fb7ad117343e55496c69568986229be060e2eef8a65d6e9c7,1569
- completed:
    hackage: network-simple-0.4.5@sha256:22ff42a4e6b25a0dba498c558ff82e04e2cdcac7932082b620fea406fa32de8d,1320
    pantry-tree:
      size: 564
      sha256: ad6f783059f3406ce9f29cbe9eb1c2f35fc011f7607152c3c1d9ea829722e838
  original:
    hackage: network-simple-0.4.5@sha256:22ff42a4e6b25a0dba498c558ff82e04e2cdcac7932082b620fea406fa32de8d,1320
- completed:
    hackage: parsec-3.1.14.0@sha256:63a4555d6ea2aaccd8588fc809e5d137e72b668898ab3b171ce8458b792f0f36,4356
    pantry-tree:
      size: 2574
      sha256: c17cc12ba9a912521d58d8bcee07830351fe27483d9309ebdac8e32175e10706
  original:
    hackage: parsec-3.1.14.0@sha256:63a4555d6ea2aaccd8588fc809e5d137e72b668898ab3b171ce8458b792f0f36,4356
- completed:
    hackage: primitive-0.7.1.0@sha256:6a237bb338bcc43193077ff8e8c0f0ce2de14c652231496a15672e8b563a07e2,2604
    pantry-tree:
      size: 1376
      sha256: 924e88629b493abb6b2f3c3029cef076554a2b627091e3bb6887ec03487a707d
  original:
    hackage: primitive-0.7.1.0@sha256:6a237bb338bcc43193077ff8e8c0f0ce2de14c652231496a15672e8b563a07e2,2604
- completed:
    hackage: resource-pool-0.2.3.2@sha256:0955486bc1db37e4eb27acb964185f9e9cb8ad5ce054c85e1e6fd7562b2d7542,1375
    pantry-tree:
      size: 267
      sha256: 07d0db63c72372262b29bb9c8ba63ab6dc1c1779c519c6e65e5fdc7a245ef4eb
  original:
    hackage: resource-pool-0.2.3.2@sha256:0955486bc1db37e4eb27acb964185f9e9cb8ad5ce054c85e1e6fd7562b2d7542,1375
- completed:
    hackage: split-0.2.3.4@sha256:bad9bfc9e8e0aca4ac1f7b3a2767ee6b1c199d4a1b6960db5cc3d7674aee5d73,2564
    pantry-tree:
      size: 439
      sha256: d931baa404f6867a23ed342c11ef27613227a7a82ba2324f95da184fffad0bd9
  original:
    hackage: split-0.2.3.4@sha256:bad9bfc9e8e0aca4ac1f7b3a2767ee6b1c199d4a1b6960db5cc3d7674aee5d73,2564
- completed:
    hackage: tz-0.1.3.4@sha256:bd311e202b8bdd15bcd6a4ca182e69794949d3b3b9f4aa835e9ccff011284979,5086
    pantry-tree:
      size: 1179
      sha256: f6b8517eaaf3588afd1b3025fe6874a1ffff611001a803a26094c9cb40bc33f6
  original:
    hackage: tz-0.1.3.4@sha256:bd311e202b8bdd15bcd6a4ca182e69794949d3b3b9f4aa835e9ccff011284979,5086
- completed:
    hackage: unix-time-0.4.7@sha256:c0d971d04561875b908451c563df8728fe6d8639c90e070b244227f13f76ab8e,2570
    pantry-tree:
      size: 1073
      sha256: bc28cbe467d99caa6399e7cd85cf33548776bbd2c1e91369fe10268c9de546e6
  original:
    hackage: unix-time-0.4.7@sha256:c0d971d04561875b908451c563df8728fe6d8639c90e070b244227f13f76ab8e,2570
- completed:
    hackage: uri-encode-1.5.0.7@sha256:7fd7a073ad203d70f4b206d5e070c0e3ec6a94b5ed3dad6b73e821e02259b5df,2243
    pantry-tree:
      size: 432
      sha256: b7dacde11babf6bdf96d94e1fed258d2b939772a557ac41c21817a355a0b2175
  original:
    hackage: uri-encode-1.5.0.7@sha256:7fd7a073ad203d70f4b206d5e070c0e3ec6a94b5ed3dad6b73e821e02259b5df,2243
- completed:
    hackage: uuid-1.3.13@sha256:380b45cfd1d2dfda0b52d414f0040cef3adfc02bf54bd9e61f2ef47755ce5adc,3137
    pantry-tree:
      size: 767
      sha256: 95b5b5506a78e68bf33586a925a6375274bd6d36cfca62e91e17221d8d851809
  original:
    hackage: uuid-1.3.13@sha256:380b45cfd1d2dfda0b52d414f0040cef3adfc02bf54bd9e61f2ef47755ce5adc,3137
- completed:
    hackage: word8-0.1.3@sha256:e5464d0600821a116467d4b12fef12b15ff040c3599500e5f0274225e78c6faf,1397
    pantry-tree:
      size: 478
      sha256: f90debca29fa7b54bb82f1bc6843c827fcea96b5149af4dd0ed69dad73856f0e
  original:
    hackage: word8-0.1.3@sha256:e5464d0600821a116467d4b12fef12b15ff040c3599500e5f0274225e78c6faf,1397
- completed:
    hackage: zlib-0.6.2.2@sha256:eae95cb0cc80ff259de236b812072c4a74c6de398cb277ff0fba1148edc0253d,4809
    pantry-tree:
      size: 2536
      sha256: df339906f330a7ef0fd324586138d2672bcc2c6bbecf566d8a30d3779bb7e77a
  original:
    hackage: zlib-0.6.2.2@sha256:eae95cb0cc80ff259de236b812072c4a74c6de398cb277ff0fba1148edc0253d,4809
- completed:
    hackage: zlib-bindings-0.1.1.5@sha256:0c6f9f81832af2473281fd58631aff8c6bbad24191e00d2a5a6ae2479249043b,1641
    pantry-tree:
      size: 984
      sha256: 58fd9cd38b0899c77bb96904fc8293afdb58ac400b441f9cb772e39db77c0451
  original:
    hackage: zlib-bindings-0.1.1.5@sha256:0c6f9f81832af2473281fd58631aff8c6bbad24191e00d2a5a6ae2479249043b,1641
- completed:
    hackage: base-compat-batteries-0.11.2@sha256:eb3b976007754ddc16e8d4afacdd1e575ae746edb57dcd0a1a728ccd4b372a69,8804
    pantry-tree:
      size: 10877
      sha256: d0377131f915a089a2d723d9c4ed040a810fc738b51fb7e78b74083527ee5d60
  original:
    hackage: base-compat-batteries-0.11.2@sha256:eb3b976007754ddc16e8d4afacdd1e575ae746edb57dcd0a1a728ccd4b372a69,8804
- completed:
    hackage: blaze-builder-0.4.1.0@sha256:3231635f58df8f62a4e791d3ccade450d07dd370bf97729a8d0fabf113acc6dc,3558
    pantry-tree:
      size: 3101
      sha256: 87485743410492e67a1204e1d29afde8a073a38ac5885e8bd4b4a5837a60312d
  original:
    hackage: blaze-builder-0.4.1.0@sha256:3231635f58df8f62a4e791d3ccade450d07dd370bf97729a8d0fabf113acc6dc,3558
- completed:
    hackage: case-insensitive-1.2.1.0@sha256:9dfd3171fc7698cf8d931727d3af3a7b389135b583e46b5adac1f9d2026fff61,2244
    pantry-tree:
      size: 688
      sha256: d6f175b17eacce002fc5336c17e119d989bd97f8ad9702446163c9e27c7c79b7
  original:
    hackage: case-insensitive-1.2.1.0@sha256:9dfd3171fc7698cf8d931727d3af3a7b389135b583e46b5adac1f9d2026fff61,2244
- completed:
    hackage: cookie-0.4.5@sha256:22bbe2bea34cfc546eaca2468386035fec521b8dbae52f5aa2f994ed68b35e0e,1448
    pantry-tree:
      size: 360
      sha256: 60ea383838fb35f55265cbf84905a8f17434bb498f90d691621cbd2156da43e4
  original:
    hackage: cookie-0.4.5@sha256:22bbe2bea34cfc546eaca2468386035fec521b8dbae52f5aa2f994ed68b35e0e,1448
- completed:
    hackage: cryptohash-md5-0.11.100.1@sha256:a4a528bf378bf747eed3748459acf02ed35b9200ec0403d34dbba55b7c9eaab7,3964
    pantry-tree:
      size: 502
      sha256: 6198ba460eb08392318ac11fb85322f0de8a7f0e34b01deede281f27f8df342b
  original:
    hackage: cryptohash-md5-0.11.100.1@sha256:a4a528bf378bf747eed3748459acf02ed35b9200ec0403d34dbba55b7c9eaab7,3964
- completed:
    hackage: cryptohash-sha1-0.11.100.1@sha256:14d814cd88f5fd47641bef414668f3a5bba8b27fa8f960b1a6f4f2ba29265ee1,4363
    pantry-tree:
      size: 508
      sha256: 20ff35375c2ee7dd814b6b4f6caef1e841bbd18b5a98f8ea16a313e54d5109df
  original:
    hackage: cryptohash-sha1-0.11.100.1@sha256:14d814cd88f5fd47641bef414668f3a5bba8b27fa8f960b1a6f4f2ba29265ee1,4363
- completed:
    hackage: data-default-0.7.1.1@sha256:2804e8d14f521a1edee88b68b66347448e7f3b685868290fdc55930e4471f5a9,645
    pantry-tree:
      size: 212
      sha256: 1db0dcb6890feff1b87ea180a4c4a0611cda399a700822bd75970a2b7ad02dbc
  original:
    hackage: data-default-0.7.1.1@sha256:2804e8d14f521a1edee88b68b66347448e7f3b685868290fdc55930e4471f5a9,645
- completed:
    hackage: data-endian-0.1.1@sha256:70139877a29ec21ea6226919c4f6353fe097bf03a4fa0b97c8c157e4c1692bc6,768
    pantry-tree:
      size: 213
      sha256: a0139fbac6dbe19cfa632d5d2c30f68b7e507cc5ba10e8e46846f44908d8cf7b
  original:
    hackage: data-endian-0.1.1@sha256:70139877a29ec21ea6226919c4f6353fe097bf03a4fa0b97c8c157e4c1692bc6,768
- completed:
    hackage: data-serializer-0.3.4.1@sha256:233e5f73800f927b44c3c30a02923bf36e2996a09efe813533b158ea6d6f2d89,1691
    pantry-tree:
      size: 392
      sha256: cfd1d889b06681498091aba0dc39eeb550e3b9b741777d78a343b3fcb77baaca
  original:
    hackage: data-serializer-0.3.4.1@sha256:233e5f73800f927b44c3c30a02923bf36e2996a09efe813533b158ea6d6f2d89,1691
- completed:
    hackage: data-textual-0.3.0.3@sha256:af032a3a5b9c356cff6211bad40cb1eacbf85bd5ad5ff0ad5c341fda26c571c0,1582
    pantry-tree:
      size: 463
      sha256: 90e57b9625bef8fc48674e69931d0b21fcbd6cf964bd851d6c654116eb766d37
  original:
    hackage: data-textual-0.3.0.3@sha256:af032a3a5b9c356cff6211bad40cb1eacbf85bd5ad5ff0ad5c341fda26c571c0,1582
- completed:
    hackage: dlist-0.8.0.8@sha256:90ca348bffdc62d7070bcf0e97c728f8d01b24fbc7ea08d2909157d0da76534c,2066
    pantry-tree:
      size: 426
      sha256: 1b5b9142a932f15c77f758f92f90bea6c805c42d4c62f7a697e8e4f6cf1ad6e6
  original:
    hackage: dlist-0.8.0.8@sha256:90ca348bffdc62d7070bcf0e97c728f8d01b24fbc7ea08d2909157d0da76534c,2066
- completed:
    hackage: entropy-0.4.1.6@sha256:d72a8745b0d011737190832be477f6d98a7c819865a6392e4c451110eb79361c,3007
    pantry-tree:
      size: 743
      sha256: e3909bd795797100f74a6e81c9ed098fbc77985a053335b39c10e07b16ba1ddc
  original:
    hackage: entropy-0.4.1.6@sha256:d72a8745b0d011737190832be477f6d98a7c819865a6392e4c451110eb79361c,3007
- completed:
    hackage: http-types-0.12.3@sha256:f35229edb1bc7b3ae27f961b2407dadb5bfa69d43a8f5337ab46cdc79ca4afe9,2035
    pantry-tree:
      size: 833
      sha256: c9b77e1ba204fffbe4e1be80412bc48e47440a07e4b7db4cdc77d573a3e21b9a
  original:
    hackage: http-types-0.12.3@sha256:f35229edb1bc7b3ae27f961b2407dadb5bfa69d43a8f5337ab46cdc79ca4afe9,2035
- completed:
    hackage: memory-0.15.0@sha256:be7024b50e876a9c3b7febaefdd81d5dc67268c58a7b4e6b3825bdc58274d88c,5002
    pantry-tree:
      size: 2509
      sha256: df13688e9516d23eab08bbec9d26338d072e85bf760b654335dc14289162988f
  original:
    hackage: memory-0.15.0@sha256:be7024b50e876a9c3b7febaefdd81d5dc67268c58a7b4e6b3825bdc58274d88c,5002
- completed:
    hackage: mime-types-0.1.0.9@sha256:d631fe56daed713ec7798933aaa1429dc9912d85375619aa6e25a0fefe8e95e7,826
    pantry-tree:
      size: 311
      sha256: 5cf87fbc920b9d268dde4964e91baac137708fdbdcf80e2bd6f23812a09d97f0
  original:
    hackage: mime-types-0.1.0.9@sha256:d631fe56daed713ec7798933aaa1429dc9912d85375619aa6e25a0fefe8e95e7,826
- completed:
    hackage: monad-control-1.0.2.3@sha256:a3ae888d2fed2e2a0ca33ae11e2480219e07312bccf1a02ffe2ba2e3ec5913ee,2255
    pantry-tree:
      size: 334
      sha256: 519fea66a13faf24c4a980d19c58f81af5cf519a2ddcc0c199a8f8f3bf0299b8
  original:
    hackage: monad-control-1.0.2.3@sha256:a3ae888d2fed2e2a0ca33ae11e2480219e07312bccf1a02ffe2ba2e3ec5913ee,2255
- completed:
    hackage: network-bsd-2.8.1.0@sha256:d92423549794926f8bac0b63d5963c898a2ab628a4bb2e10ec5ce05b579383c1,3742
    pantry-tree:
      size: 264
      sha256: 5f3ba13587475816f6f43b5bc5c139382a734b48c638ae9a6183e3c7fa759343
  original:
    hackage: network-bsd-2.8.1.0@sha256:d92423549794926f8bac0b63d5963c898a2ab628a4bb2e10ec5ce05b579383c1,3742
- completed:
    hackage: network-info-0.2.0.10@sha256:cda87030e0e7adc56696006035fc322d5a6b8b0b41dd6d339ea630484de1711e,1717
    pantry-tree:
      size: 847
      sha256: 7e95006c5acef2b50afc2b70ab7fe02832eae49083913dfb6fdf0674f09d41d6
  original:
    hackage: network-info-0.2.0.10@sha256:cda87030e0e7adc56696006035fc322d5a6b8b0b41dd6d339ea630484de1711e,1717
- completed:
    hackage: network-uri-2.6.3.0@sha256:d2d9ff3a80d9b2d1ff317a354bc0c56cc109c69a4c2449e5fc712d3ddce83ede,2902
    pantry-tree:
      size: 551
      sha256: 807aa9f8278604645d08882c44b3615f69c9189096471edb5fab26f9ea28cf5f
  original:
    hackage: network-uri-2.6.3.0@sha256:d2d9ff3a80d9b2d1ff317a354bc0c56cc109c69a4c2449e5fc712d3ddce83ede,2902
- completed:
    hackage: old-time-1.1.0.3@sha256:c91fbb3ee73d20ccd015842b30f1f29a304893ebe0ae3128b7bbc13d5bb0d4c8,1328
    pantry-tree:
      size: 810
      sha256: 890bbbdf4175a409efd7c7c9fe153b71680e33bebeb74c9351d7d9d3a59d3d0e
  original:
    hackage: old-time-1.1.0.3@sha256:c91fbb3ee73d20ccd015842b30f1f29a304893ebe0ae3128b7bbc13d5bb0d4c8,1328
- completed:
    hackage: parallel-3.2.2.0@sha256:c69372af9a39a06739e1d0eaa1f2d8be6b86493a53dbbc455e7b30479c491c6a,1763
    pantry-tree:
      size: 392
      sha256: 0b408143e18070406acc2acb528fc4b695f04161e0beb490351d50d92a841fe3
  original:
    hackage: parallel-3.2.2.0@sha256:c69372af9a39a06739e1d0eaa1f2d8be6b86493a53dbbc455e7b30479c491c6a,1763
- completed:
    hackage: parsers-0.12.10@sha256:3b0d9f15a64cb9a0c66b79b8653e9074e21a1c96d96cfad63ef2984219323499,3300
    pantry-tree:
      size: 982
      sha256: ea8e8bbba1a8133ab9644d0dcce0ae3191668f3503e5dbd4e5e8c33222d4be96
  original:
    hackage: parsers-0.12.10@sha256:3b0d9f15a64cb9a0c66b79b8653e9074e21a1c96d96cfad63ef2984219323499,3300
- completed:
    hackage: safe-exceptions-0.1.7.1@sha256:ccf8dacc48a8fbc8450de9d3ae6f949067bb0c96d52bb66e3044b5cd046382d5,1360
    pantry-tree:
      size: 510
      sha256: f9435198f4213d2167ecdfa54cc186a72774738f68ddf1f11941a94b502e0868
  original:
    hackage: safe-exceptions-0.1.7.1@sha256:ccf8dacc48a8fbc8450de9d3ae6f949067bb0c96d52bb66e3044b5cd046382d5,1360
- completed:
    hackage: scientific-0.3.6.2@sha256:dd49abc76bd8e2b57e7a057dc2bb742a00527b4bf9350f9374be03b5934e55d8,4679
    pantry-tree:
      size: 656
      sha256: d05b22ccd31ad7a4438d9217bf44771ac63c4eeb0acc9c624465044e5894766a
  original:
    hackage: scientific-0.3.6.2@sha256:dd49abc76bd8e2b57e7a057dc2bb742a00527b4bf9350f9374be03b5934e55d8,4679
- completed:
    hackage: socks-0.6.1@sha256:ac190808eea704672df18f702e8f2ad0b7a4d0af528e95ee55ea6ee0be672e2a,1258
    pantry-tree:
      size: 692
      sha256: 53d29c06c42e737ae99660e077c7c4b286f1272b3394ad7f74163867a5b3b8fa
  original:
    hackage: socks-0.6.1@sha256:ac190808eea704672df18f702e8f2ad0b7a4d0af528e95ee55ea6ee0be672e2a,1258
- completed:
    hackage: tagged-0.8.6@sha256:7cce0b9355d1daad797555dfa906f756ed0253a40bc826ca367adf21d7b369f3,2606
    pantry-tree:
      size: 543
      sha256: a3eca0faaf7a4b2d415a8d700af434b65e58ccd7f6e353b0ac3435c308389681
  original:
    hackage: tagged-0.8.6@sha256:7cce0b9355d1daad797555dfa906f756ed0253a40bc826ca367adf21d7b369f3,2606
- completed:
    hackage: text-printer-0.5.0.1@sha256:9171204826a67c97bc3578968d8b3dcfbd81be08dfd18fef2af71eaf7b2737b1,1502
    pantry-tree:
      size: 461
      sha256: 656053744f42551bc9cffd76746bfae77a249f54ca69497f6835e35312c7b5bb
  original:
    hackage: text-printer-0.5.0.1@sha256:9171204826a67c97bc3578968d8b3dcfbd81be08dfd18fef2af71eaf7b2737b1,1502
- completed:
    hackage: th-abstraction-0.3.2.0@sha256:9b5b4e6e2bbff9b075ad7751ee98e2107090bd17b51d5442695b8990e4db6521,1851
    pantry-tree:
      size: 583
      sha256: 21e260e558db166dc70f3002e7a0d22dd57d0b9e7842dd9de5e2f9f887e1275e
  original:
    hackage: th-abstraction-0.3.2.0@sha256:9b5b4e6e2bbff9b075ad7751ee98e2107090bd17b51d5442695b8990e4db6521,1851
- completed:
    hackage: time-compat-1.9.3@sha256:a1a0a8b088be6a7be50c7c0bf156ce876151b1cbe14261736965e361c8073b2a,4349
    pantry-tree:
      size: 3654
      sha256: 9bce314b9a677472b9cc051a6ed09f4a1555180a5e2702ad67d64d74c9b5ceed
  original:
    hackage: time-compat-1.9.3@sha256:a1a0a8b088be6a7be50c7c0bf156ce876151b1cbe14261736965e361c8073b2a,4349
- completed:
    hackage: transformers-base-0.4.5.2@sha256:e4d8155470905ba2942033a1537fc4cf91927d1c9b34693fd57ddf3bc02334af,1550
    pantry-tree:
      size: 275
      sha256: de1ab09cfb378c269105d6fcfa0fa9820081c2d1d91c87503a5f10068a4119e7
  original:
    hackage: transformers-base-0.4.5.2@sha256:e4d8155470905ba2942033a1537fc4cf91927d1c9b34693fd57ddf3bc02334af,1550
- completed:
    hackage: transformers-compat-0.6.6@sha256:510709db2b12d1510d70de824ee544ca0a9e6f27aa7e299218cbacc0750b4a5e,5560
    pantry-tree:
      size: 1777
      sha256: e53f7b8deb576db7baa6e4c13a7c9904cd247f6e4807bd12a058d1527197064e
  original:
    hackage: transformers-compat-0.6.6@sha256:510709db2b12d1510d70de824ee544ca0a9e6f27aa7e299218cbacc0750b4a5e,5560
- completed:
    hackage: type-hint-0.1@sha256:c4847dab64cda36b0cffe8b7e1fc38a9c26c9aad36129c4e23d6e817ec93815c,973
    pantry-tree:
      size: 257
      sha256: 47270a743db215c9e6da541e9ed612c83ec648d02c8f57a803c1ae32c2d118dd
  original:
    hackage: type-hint-0.1@sha256:c4847dab64cda36b0cffe8b7e1fc38a9c26c9aad36129c4e23d6e817ec93815c,973
- completed:
    hackage: tzdata-0.1.20190911.0@sha256:0b0b3e96a40ebee242d8d16972e166b7e2a171a6790cf79d9276e9619054cc7f,2783
    pantry-tree:
      size: 40186
      sha256: 5f1893b70ff57cdf74622a71bf6ae3137bd48578e11923c4dbe83955ede40caa
  original:
    hackage: tzdata-0.1.20190911.0@sha256:0b0b3e96a40ebee242d8d16972e166b7e2a171a6790cf79d9276e9619054cc7f,2783
- completed:
    hackage: utf8-string-1.0.1.1@sha256:68cc6cf665e7212334a51b63d6936daeaca023b2cfe8637d130acfe95f91700b,1151
    pantry-tree:
      size: 546
      sha256: 94c160d3cba160be807fc2957f539453660cf64bd6cb29879aba82424d03527e
  original:
    hackage: utf8-string-1.0.1.1@sha256:68cc6cf665e7212334a51b63d6936daeaca023b2cfe8637d130acfe95f91700b,1151
- completed:
    hackage: uuid-types-1.0.3@sha256:4e27aa142cb37f391e78f36d13139ba0a907675429a21e8f2cfae9223202dd7e,2496
    pantry-tree:
      size: 521
      sha256: 96a50edc1466dbd5ced19d6552b480291d94dc342f5952bfe62756f79f4912c4
  original:
    hackage: uuid-types-1.0.3@sha256:4e27aa142cb37f391e78f36d13139ba0a907675429a21e8f2cfae9223202dd7e,2496
- completed:
    hackage: Cabal-3.2.0.0@sha256:d0d7a1f405f25d0000f5ddef684838bc264842304fd4e7f80ca92b997b710874,27320
    pantry-tree:
      size: 40963
      sha256: b122f2d76dc82a350d3986fa0cbc4ecf9c3bb4f9c598ccbfb3b2bfdde02f3698
  original:
    hackage: Cabal-3.2.0.0@sha256:d0d7a1f405f25d0000f5ddef684838bc264842304fd4e7f80ca92b997b710874,27320
- completed:
    hackage: base-compat-0.11.2@sha256:f95374022a56e8c74a289e2b70ec50a1365f58b5f1f50f5c7f0fc14edf88f30e,7230
    pantry-tree:
      size: 8766
      sha256: a086220241249f89a69189cc09bade06a4c2bf8e71ccce4a57ea5114392a6fd5
  original:
    hackage: base-compat-0.11.2@sha256:f95374022a56e8c74a289e2b70ec50a1365f58b5f1f50f5c7f0fc14edf88f30e,7230
- completed:
    hackage: base-orphans-0.8.3@sha256:e7cc449658f1a34c65a9417216ce55b0bb5580a9d21e4546a6482d629520e46b,3149
    pantry-tree:
      size: 1272
      sha256: 3db8cfcb5b03f035ae8d3b49c22b8da54d215b8a0e46445d53f0e15b6513def2
  original:
    hackage: base-orphans-0.8.3@sha256:e7cc449658f1a34c65a9417216ce55b0bb5580a9d21e4546a6482d629520e46b,3149
- completed:
    hackage: basement-0.0.11@sha256:af43e2e334e515b52ca309919b135c51b5e9411e6d4c68d0e8950d61eb5f25d1,5711
    pantry-tree:
      size: 5859
      sha256: 2b5bdb5b5a3ede3676aef58f0524c38881128338aede213913e64e0c4430906e
  original:
    hackage: basement-0.0.11@sha256:af43e2e334e515b52ca309919b135c51b5e9411e6d4c68d0e8950d61eb5f25d1,5711
- completed:
    hackage: cereal-0.5.8.1@sha256:37cb7a78c84412e94592a658768320c41f015f2b8707a433de835afb8ebc18d7,2767
    pantry-tree:
      size: 641
      sha256: 65ec816e5c39253f0060b8b1019450f5c6fa1e0c06c1c7b4a36f09e186a607fd
  original:
    hackage: cereal-0.5.8.1@sha256:37cb7a78c84412e94592a658768320c41f015f2b8707a433de835afb8ebc18d7,2767
- completed:
    hackage: charset-0.3.7.1@sha256:feeb8e992c080205ad2f3b96f8fbe71419c92b9a3a95f00096faedf404efd6fc,1419
    pantry-tree:
      size: 830
      sha256: 97684f51e5e1709095a8b3102c7b946e8ae444d1a43480d9d99b817c1378c62c
  original:
    hackage: charset-0.3.7.1@sha256:feeb8e992c080205ad2f3b96f8fbe71419c92b9a3a95f00096faedf404efd6fc,1419
- completed:
    hackage: data-default-instances-containers-0.0.1@sha256:6e1f4b28028a3bc455aaf4b5a9104b71ea72cff78b1b8041863df7afd1a8deb3,527
    pantry-tree:
      size: 254
      sha256: 3e61b45fb5aa231cff29025b1d36561d7d6b17fa91cdddd15d854615a3fe1ae0
  original:
    hackage: data-default-instances-containers-0.0.1@sha256:6e1f4b28028a3bc455aaf4b5a9104b71ea72cff78b1b8041863df7afd1a8deb3,527
- completed:
    hackage: data-default-instances-dlist-0.0.1@sha256:4286abacbb256c392907701be16986a6e07f2beaf2778e7bd925465655d9e301,507
    pantry-tree:
      size: 244
      sha256: 705ebc2408e66631dac47e400fd963deaefe8a55de662b5f1950c47a590632ce
  original:
    hackage: data-default-instances-dlist-0.0.1@sha256:4286abacbb256c392907701be16986a6e07f2beaf2778e7bd925465655d9e301,507
- completed:
    hackage: data-default-instances-old-locale-0.0.1@sha256:d4a757f68f0f83531fcb34a4525fe6769c54a45182e28ffdfff19c2b0ace42fb,526
    pantry-tree:
      size: 253
      sha256: 91a62d701bea1432cc0126dd25005a4480e4a5082b2fae5e9d36f96fb8bbffb5
  original:
    hackage: data-default-instances-old-locale-0.0.1@sha256:d4a757f68f0f83531fcb34a4525fe6769c54a45182e28ffdfff19c2b0ace42fb,526
- completed:
    hackage: integer-logarithms-1.0.3@sha256:63d42595ec92b71ac98a07b984b0a2eb3d4956f4ad2d856c3bf6fc3dc218d228,2820
    pantry-tree:
      size: 865
      sha256: 7feb7c37d4117f398377c7e0ad480bfa7f63e378753fc6a163deec1f3e9fbc23
  original:
    hackage: integer-logarithms-1.0.3@sha256:63d42595ec92b71ac98a07b984b0a2eb3d4956f4ad2d856c3bf6fc3dc218d228,2820
- completed:
    hackage: old-locale-1.0.0.7@sha256:fa998be2c7e00cd26a6e9075bea790caaf3932caa3e9497ad69bc20380dd6911,1071
    pantry-tree:
      size: 263
      sha256: 462ef15cb35164d585aa3860f717c9685fbf05578330490860abd544381d2e24
  original:
    hackage: old-locale-1.0.0.7@sha256:fa998be2c7e00cd26a6e9075bea790caaf3932caa3e9497ad69bc20380dd6911,1071
- completed:
    hackage: semigroups-0.19.1@sha256:ecae129621e0d2f77bef2f01e4458c2e0567ab6e1f39579c61d7cec8058ebb0e,6262
    pantry-tree:
      size: 534
      sha256: 61160272cccf0dcffe7fe23b7644412b959a8ec232bed4d43be235176f0bd90b
  original:
    hackage: semigroups-0.19.1@sha256:ecae129621e0d2f77bef2f01e4458c2e0567ab6e1f39579c61d7cec8058ebb0e,6262
- completed:
    hackage: text-latin1-0.3.1@sha256:f7da16a5447d51d5de0992a5ecb11ecf3e03d2da9a4f3f66da4e8b3f59a3f3e7,1215
    pantry-tree:
      size: 321
      sha256: 42e481642d9cf3f47a604a7d02a95daa7dfd6e9b050deaf62b98a0dd9179c646
  original:
    hackage: text-latin1-0.3.1@sha256:f7da16a5447d51d5de0992a5ecb11ecf3e03d2da9a4f3f66da4e8b3f59a3f3e7,1215
- completed:
    hackage: data-checked-0.3@sha256:beb83f47ffc398faa684e822aa327d07c36db366f675222cc71ce6a3b83b07d7,927
    pantry-tree:
      size: 282
      sha256: d1e2dc2a7e3e2a6a844b73ca3819b0a8b78f57225d1b25efcdaf5270a231139d
  original:
    hackage: data-checked-0.3@sha256:beb83f47ffc398faa684e822aa327d07c36db366f675222cc71ce6a3b83b07d7,927
- completed:
    hackage: exceptions-0.10.4@sha256:1729ef26a611ae78aa58cdd34192aff710cbaa6d631dd042ddfb63556d00b52c,2796
    pantry-tree:
      size: 908
      sha256: 6689458f5d183f8efda66f918f7bd4b7ac28548defbef53c7e174c2cdf6b9f18
  original:
    hackage: exceptions-0.10.4@sha256:1729ef26a611ae78aa58cdd34192aff710cbaa6d631dd042ddfb63556d00b52c,2796
- completed:
    hackage: HUnit-1.6.0.0@sha256:8014b27c884becd8041214a1ab263fa92244ca62700a911aff604a1047869298,1570
    pantry-tree:
      size: 878
      sha256: 270a6f8d6ef23eba3a9a1697aa244576abb168d10cb8e4736cf4add2b09eb650
  original:
    hackage: HUnit-1.6.0.0@sha256:8014b27c884becd8041214a1ab263fa92244ca62700a911aff604a1047869298,1570
- completed:
    hackage: hspec-2.7.4@sha256:8d0430e4a7ba8fa1482a1766fd4973f0c5e7c5adf512bded7358269bb9486c9e,1692
    pantry-tree:
      size: 532
      sha256: 6a6ba1798090ee6245f5995303b6ccf1afea26c73d4e69b95330c8914056d420
  original:
    hackage: hspec-2.7.4@sha256:8d0430e4a7ba8fa1482a1766fd4973f0c5e7c5adf512bded7358269bb9486c9e,1692
- completed:
    hackage: hspec-core-2.7.4@sha256:d37eab1d356deef00063575796bcf6029207bfaa27ec984f13222ef0862d8f5b,4537
    pantry-tree:
      size: 3748
      sha256: 4a8904e018794b1ff735ed54d413402225f0794f746b1b3aef368c63890feecc
  original:
    hackage: hspec-core-2.7.4@sha256:d37eab1d356deef00063575796bcf6029207bfaa27ec984f13222ef0862d8f5b,4537
- completed:
    hackage: hspec-discover-2.7.4@sha256:b6c6f50d313d7d3ed3929f6dd35e0f4c726d6fc76915c6b5e48374e895628866,2166
    pantry-tree:
      size: 1080
      sha256: 68dcd6bab85df3c84a0f088624241be2867c94b0cdd76acd6e85c318e37be606
  original:
    hackage: hspec-discover-2.7.4@sha256:b6c6f50d313d7d3ed3929f6dd35e0f4c726d6fc76915c6b5e48374e895628866,2166
- completed:
    hackage: hspec-expectations-0.8.2@sha256:e2db24881baadc2d9d23b03cb629e80dcbda89a6b04ace9adb5f4d02ef8b31aa,1594
    pantry-tree:
      size: 602
      sha256: cba2c119c85cf68a18d35cccb365d032359442c82ceb93b295020609712d791f
  original:
    hackage: hspec-expectations-0.8.2@sha256:e2db24881baadc2d9d23b03cb629e80dcbda89a6b04ace9adb5f4d02ef8b31aa,1594
- completed:
    hackage: ansi-terminal-0.11@sha256:97470250c92aae14c4c810d7f664c532995ba8910e2ad797b29f22ad0d2d0194,3307
    pantry-tree:
      size: 1461
      sha256: 4098c4b8bb503fcf0730aedc8247a479d3e22fd1fe4c6b4b2b2b5da30bdfb713
  original:
    hackage: ansi-terminal-0.11@sha256:97470250c92aae14c4c810d7f664c532995ba8910e2ad797b29f22ad0d2d0194,3307
- completed:
    hackage: clock-0.8@sha256:b4ae207e2d3761450060a0d0feb873269233898039c76fceef9cc1a544067767,4113
    pantry-tree:
      size: 446
      sha256: d9ac8ce6a19812fe74cb1e74228e6e624eda19021ff4d12e24611f88abacd38a
  original:
    hackage: clock-0.8@sha256:b4ae207e2d3761450060a0d0feb873269233898039c76fceef9cc1a544067767,4113
- completed:
    hackage: quickcheck-io-0.2.0@sha256:7bf0b68fb90873825eb2e5e958c1b76126dcf984debb998e81673e6d837e0b2d,1133
    pantry-tree:
      size: 223
      sha256: afaa27fbf8b35aa7ce174abd9c59a84a12fd7f3d08300c3280b22c1d204f11ca
  original:
    hackage: quickcheck-io-0.2.0@sha256:7bf0b68fb90873825eb2e5e958c1b76126dcf984debb998e81673e6d837e0b2d,1133
- completed:
    hackage: setenv-0.1.1.3@sha256:c5916ac0d2a828473cd171261328a290afe0abd799db1ac8c310682fe778c45b,1053
    pantry-tree:
      size: 212
      sha256: 9a071cf2552e6881cd3ac0ce81252d5b96ac7f42cae517d973ea167e3d503265
  original:
    hackage: setenv-0.1.1.3@sha256:c5916ac0d2a828473cd171261328a290afe0abd799db1ac8c310682fe778c45b,1053
- completed:
    hackage: tf-random-0.5@sha256:14012837d0f0e18fdbbe3d56e67da8622ee5e20b180abce952dd50bd9f36b326,3983
    pantry-tree:
      size: 941
      sha256: d6483580cfea846cbf23ff1d7a67849546d5096425b6d61318a34554043b4ffb
  original:
    hackage: tf-random-0.5@sha256:14012837d0f0e18fdbbe3d56e67da8622ee5e20b180abce952dd50bd9f36b326,3983
- completed:
    hackage: colour-2.3.5@sha256:b27db0a3ad40d70bdbd8510a104269f8707592e80757a1abc66a22ba25e5a42f,1801
    pantry-tree:
      size: 1183
      sha256: ff0f5e24e9f669ceedfcae4d11fd6c68820bbaa2e07ab277368946e9b0f6f8a4
  original:
    hackage: colour-2.3.5@sha256:b27db0a3ad40d70bdbd8510a104269f8707592e80757a1abc66a22ba25e5a42f,1801
snapshots: []
